
Microsoft Visual Studio Solution File, Format Version 11.00
# Visual Studio 2010
Project("{FAE04EC0-301F-11D3-BF4B-00C04F79EFBC}") = "TinyGest.Presentation", "Presentation\TinyGest.Presentation.csproj", "{6F0089B8-4BEE-4D3E-AE1F-F22F48433642}"
EndProject
Project("{FAE04EC0-301F-11D3-BF4B-00C04F79EFBC}") = "TinyGest.Entities", "Entities\TinyGest.Entities.csproj", "{7265F28C-8AB4-4457-8E7A-C6937F20AA5F}"
EndProject
Project("{2150E333-8FDC-42A3-9474-1A3956D46DE8}") = "Solution Items", "Solution Items", "{5BB4FC53-0BC5-4F6C-8CAC-0AD7625F5D0C}"
	ProjectSection(SolutionItems) = preProject
		Local.testsettings = Local.testsettings
		TinyGest.vsmdi = TinyGest.vsmdi
		TraceAndTestImpact.testsettings = TraceAndTestImpact.testsettings
	EndProjectSection
EndProject
Project("{FAE04EC0-301F-11D3-BF4B-00C04F79EFBC}") = "TinyGest.Infrastructure", "Infrastructure\TinyGest.Infrastructure.csproj", "{890539C9-B004-4AC0-A4FF-DF1C8957F04F}"
EndProject
Project("{FAE04EC0-301F-11D3-BF4B-00C04F79EFBC}") = "Caliburn.Micro.WPF", "Caliburn.Micro.WPF\Caliburn.Micro.WPF.csproj", "{B633FE8C-B40E-4122-A763-F94C8B1A70F8}"
EndProject
Global
	GlobalSection(TestCaseManagementSettings) = postSolution
		CategoryFile = EstroManager.vsmdi
	EndGlobalSection
	GlobalSection(SolutionConfigurationPlatforms) = preSolution
		Debug|Any CPU = Debug|Any CPU
		Debug|Mixed Platforms = Debug|Mixed Platforms
		Debug|x86 = Debug|x86
		Release|Any CPU = Release|Any CPU
		Release|Mixed Platforms = Release|Mixed Platforms
		Release|x86 = Release|x86
	EndGlobalSection
	GlobalSection(ProjectConfigurationPlatforms) = postSolution
		{6F0089B8-4BEE-4D3E-AE1F-F22F48433642}.Debug|Any CPU.ActiveCfg = Debug|x86
		{6F0089B8-4BEE-4D3E-AE1F-F22F48433642}.Debug|Mixed Platforms.ActiveCfg = Debug|x86
		{6F0089B8-4BEE-4D3E-AE1F-F22F48433642}.Debug|Mixed Platforms.Build.0 = Debug|x86
		{6F0089B8-4BEE-4D3E-AE1F-F22F48433642}.Debug|x86.ActiveCfg = Debug|x86
		{6F0089B8-4BEE-4D3E-AE1F-F22F48433642}.Debug|x86.Build.0 = Debug|x86
		{6F0089B8-4BEE-4D3E-AE1F-F22F48433642}.Release|Any CPU.ActiveCfg = Release|x86
		{6F0089B8-4BEE-4D3E-AE1F-F22F48433642}.Release|Mixed Platforms.ActiveCfg = Release|x86
		{6F0089B8-4BEE-4D3E-AE1F-F22F48433642}.Release|Mixed Platforms.Build.0 = Release|x86
		{6F0089B8-4BEE-4D3E-AE1F-F22F48433642}.Release|x86.ActiveCfg = Release|x86
		{6F0089B8-4BEE-4D3E-AE1F-F22F48433642}.Release|x86.Build.0 = Release|x86
		{7265F28C-8AB4-4457-8E7A-C6937F20AA5F}.Debug|Any CPU.ActiveCfg = Debug|Any CPU
		{7265F28C-8AB4-4457-8E7A-C6937F20AA5F}.Debug|Any CPU.Build.0 = Debug|Any CPU
		{7265F28C-8AB4-4457-8E7A-C6937F20AA5F}.Debug|Mixed Platforms.ActiveCfg = Debug|Any CPU
		{7265F28C-8AB4-4457-8E7A-C6937F20AA5F}.Debug|Mixed Platforms.Build.0 = Debug|Any CPU
		{7265F28C-8AB4-4457-8E7A-C6937F20AA5F}.Debug|x86.ActiveCfg = Debug|Any CPU
		{7265F28C-8AB4-4457-8E7A-C6937F20AA5F}.Release|Any CPU.ActiveCfg = Release|Any CPU
		{7265F28C-8AB4-4457-8E7A-C6937F20AA5F}.Release|Any CPU.Build.0 = Release|Any CPU
		{7265F28C-8AB4-4457-8E7A-C6937F20AA5F}.Release|Mixed Platforms.ActiveCfg = Release|Any CPU
		{7265F28C-8AB4-4457-8E7A-C6937F20AA5F}.Release|Mixed Platforms.Build.0 = Release|Any CPU
		{7265F28C-8AB4-4457-8E7A-C6937F20AA5F}.Release|x86.ActiveCfg = Release|Any CPU
		{890539C9-B004-4AC0-A4FF-DF1C8957F04F}.Debug|Any CPU.ActiveCfg = Debug|Any CPU
		{890539C9-B004-4AC0-A4FF-DF1C8957F04F}.Debug|Any CPU.Build.0 = Debug|Any CPU
		{890539C9-B004-4AC0-A4FF-DF1C8957F04F}.Debug|Mixed Platforms.ActiveCfg = Debug|Any CPU
		{890539C9-B004-4AC0-A4FF-DF1C8957F04F}.Debug|Mixed Platforms.Build.0 = Debug|Any CPU
		{890539C9-B004-4AC0-A4FF-DF1C8957F04F}.Debug|x86.ActiveCfg = Debug|Any CPU
		{890539C9-B004-4AC0-A4FF-DF1C8957F04F}.Release|Any CPU.ActiveCfg = Release|Any CPU
		{890539C9-B004-4AC0-A4FF-DF1C8957F04F}.Release|Any CPU.Build.0 = Release|Any CPU
		{890539C9-B004-4AC0-A4FF-DF1C8957F04F}.Release|Mixed Platforms.ActiveCfg = Release|Any CPU
		{890539C9-B004-4AC0-A4FF-DF1C8957F04F}.Release|Mixed Platforms.Build.0 = Release|Any CPU
		{890539C9-B004-4AC0-A4FF-DF1C8957F04F}.Release|x86.ActiveCfg = Release|Any CPU
		{B633FE8C-B40E-4122-A763-F94C8B1A70F8}.Debug|Any CPU.ActiveCfg = Debug|Any CPU
		{B633FE8C-B40E-4122-A763-F94C8B1A70F8}.Debug|Any CPU.Build.0 = Debug|Any CPU
		{B633FE8C-B40E-4122-A763-F94C8B1A70F8}.Debug|Mixed Platforms.ActiveCfg = Debug|Any CPU
		{B633FE8C-B40E-4122-A763-F94C8B1A70F8}.Debug|Mixed Platforms.Build.0 = Debug|Any CPU
		{B633FE8C-B40E-4122-A763-F94C8B1A70F8}.Debug|x86.ActiveCfg = Debug|Any CPU
		{B633FE8C-B40E-4122-A763-F94C8B1A70F8}.Release|Any CPU.ActiveCfg = Release|Any CPU
		{B633FE8C-B40E-4122-A763-F94C8B1A70F8}.Release|Any CPU.Build.0 = Release|Any CPU
		{B633FE8C-B40E-4122-A763-F94C8B1A70F8}.Release|Mixed Platforms.ActiveCfg = Release|Any CPU
		{B633FE8C-B40E-4122-A763-F94C8B1A70F8}.Release|Mixed Platforms.Build.0 = Release|Any CPU
		{B633FE8C-B40E-4122-A763-F94C8B1A70F8}.Release|x86.ActiveCfg = Release|Any CPU
	EndGlobalSection
	GlobalSection(SolutionProperties) = preSolution
		HideSolutionNode = FALSE
	EndGlobalSection
EndGlobal
